
Microsoft Visual Studio Solution File, Format Version 11.00
# Visual Studio 2010
Project("{FAE04EC0-301F-11D3-BF4B-00C04F79EFBC}") = "TolokaStudio", "TolokaStudio.csproj", "{BCE4C734-28A9-4785-ACDA-A509DF10651C}"
EndProject
Project("{FAE04EC0-301F-11D3-BF4B-00C04F79EFBC}") = "Core.Data", "Modules\Core\Core.Data\Core.Data.csproj", "{38CB7FE2-9018-4EF2-A3BA-21A939E70718}"
EndProject
Global
	GlobalSection(SolutionConfigurationPlatforms) = preSolution
		Debug|Any CPU = Debug|Any CPU
		Debug|x86 = Debug|x86
		Release|Any CPU = Release|Any CPU
		Release|x86 = Release|x86
	EndGlobalSection
	GlobalSection(ProjectConfigurationPlatforms) = postSolution
		{BCE4C734-28A9-4785-ACDA-A509DF10651C}.Debug|Any CPU.ActiveCfg = Debug|Any CPU
		{BCE4C734-28A9-4785-ACDA-A509DF10651C}.Debug|Any CPU.Build.0 = Debug|Any CPU
		{BCE4C734-28A9-4785-ACDA-A509DF10651C}.Debug|x86.ActiveCfg = Debug|Any CPU
		{BCE4C734-28A9-4785-ACDA-A509DF10651C}.Release|Any CPU.ActiveCfg = Release|Any CPU
		{BCE4C734-28A9-4785-ACDA-A509DF10651C}.Release|Any CPU.Build.0 = Release|Any CPU
		{BCE4C734-28A9-4785-ACDA-A509DF10651C}.Release|x86.ActiveCfg = Release|Any CPU
		{38CB7FE2-9018-4EF2-A3BA-21A939E70718}.Debug|Any CPU.ActiveCfg = Debug|Any CPU
		{38CB7FE2-9018-4EF2-A3BA-21A939E70718}.Debug|Any CPU.Build.0 = Debug|Any CPU
		{38CB7FE2-9018-4EF2-A3BA-21A939E70718}.Debug|x86.ActiveCfg = Debug|x86
		{38CB7FE2-9018-4EF2-A3BA-21A939E70718}.Debug|x86.Build.0 = Debug|x86
		{38CB7FE2-9018-4EF2-A3BA-21A939E70718}.Release|Any CPU.ActiveCfg = Release|Any CPU
		{38CB7FE2-9018-4EF2-A3BA-21A939E70718}.Release|Any CPU.Build.0 = Release|Any CPU
		{38CB7FE2-9018-4EF2-A3BA-21A939E70718}.Release|x86.ActiveCfg = Release|x86
		{38CB7FE2-9018-4EF2-A3BA-21A939E70718}.Release|x86.Build.0 = Release|x86
	EndGlobalSection
	GlobalSection(SolutionProperties) = preSolution
		HideSolutionNode = FALSE
	EndGlobalSection
EndGlobal
